{
  "version": 4,
  "terraform_version": "1.4.0",
  "serial": 87,
  "lineage": "d9af479a-4fe5-8e21-3654-e24ed39c24ce",
  "outputs": {},
  "resources": [
    {
      "mode": "data",
      "type": "azurerm_client_config",
      "name": "current",
      "provider": "provider[\"registry.terraform.io/hashicorp/azurerm\"]",
      "instances": [
        {
          "schema_version": 0,
          "attributes": {
            "client_id": "04b07795-8ddb-461a-bbee-02f9e1bf7b46",
            "id": "Y2xpZW50Q29uZmlncy9jbGllbnRJZD0wNGIwNzc5NS04ZGRiLTQ2MWEtYmJlZS0wMmY5ZTFiZjdiNDY7b2JqZWN0SWQ9OWU2N2NhNjYtYjIwZi00NDg4LTgwZmQtOGQ1MmM2YmU4NDJmO3N1YnNjcmlwdGlvbklkPTNkMTcyOGU5LTgwNGItNDhmMS1iOGU2LWVkNGY4N2Y1YjI0Mjt0ZW5hbnRJZD0xNzhhODU5OS02NjMyLTQxNDAtOTY0ZC00YzNkZTUwOWE4NTk=",
            "object_id": "9e67ca66-b20f-4488-80fd-8d52c6be842f",
            "subscription_id": "3d1728e9-804b-48f1-b8e6-ed4f87f5b242",
            "tenant_id": "178a8599-6632-4140-964d-4c3de509a859",
            "timeouts": null
          },
          "sensitive_attributes": []
        }
      ]
    },
    {
      "mode": "managed",
      "type": "azurerm_key_vault",
      "name": "example",
      "provider": "provider[\"registry.terraform.io/hashicorp/azurerm\"]",
      "instances": [
        {
          "index_key": 0,
          "schema_version": 2,
          "attributes": {
            "access_policy": [],
            "contact": [],
            "enable_rbac_authorization": false,
            "enabled_for_deployment": false,
            "enabled_for_disk_encryption": true,
            "enabled_for_template_deployment": false,
            "id": "/subscriptions/3d1728e9-804b-48f1-b8e6-ed4f87f5b242/resourceGroups/acme-fitness-rg-asa01/providers/Microsoft.KeyVault/vaults/acme-fitness-kv-asa01",
            "location": "koreacentral",
            "name": "acme-fitness-kv-asa01",
            "network_acls": [
              {
                "bypass": "AzureServices",
                "default_action": "Allow",
                "ip_rules": null,
                "virtual_network_subnet_ids": null
              }
            ],
            "public_network_access_enabled": true,
            "purge_protection_enabled": false,
            "resource_group_name": "acme-fitness-rg-asa01",
            "sku_name": "standard",
            "soft_delete_retention_days": 7,
            "tags": null,
            "tenant_id": "178a8599-6632-4140-964d-4c3de509a859",
            "timeouts": null,
            "vault_uri": "https://acme-fitness-kv-asa01.vault.azure.net/"
          },
          "sensitive_attributes": [],
          "private": "eyJlMmJmYjczMC1lY2FhLTExZTYtOGY4OC0zNDM2M2JjN2M0YzAiOnsiY3JlYXRlIjoxODAwMDAwMDAwMDAwLCJkZWxldGUiOjE4MDAwMDAwMDAwMDAsInJlYWQiOjMwMDAwMDAwMDAwMCwidXBkYXRlIjoxODAwMDAwMDAwMDAwfSwic2NoZW1hX3ZlcnNpb24iOiIyIn0=",
          "dependencies": [
            "azurerm_resource_group.main",
            "data.azurerm_client_config.current"
          ]
        }
      ]
    },
    {
      "mode": "managed",
      "type": "azurerm_log_analytics_workspace",
      "name": "main",
      "provider": "provider[\"registry.terraform.io/hashicorp/azurerm\"]",
      "instances": [
        {
          "index_key": 0,
          "schema_version": 2,
          "attributes": {
            "cmk_for_query_forced": false,
            "daily_quota_gb": -1,
            "id": "/subscriptions/3d1728e9-804b-48f1-b8e6-ed4f87f5b242/resourceGroups/acme-fitness-rg-asa01/providers/Microsoft.OperationalInsights/workspaces/acme-fitness-la-asa01",
            "internet_ingestion_enabled": true,
            "internet_query_enabled": true,
            "location": "koreacentral",
            "name": "acme-fitness-la-asa01",
            "primary_shared_key": "CBe9yNPLiuWs6etdUdD/aHe1gAzTIMD6RY0DmJjP9OQgZ/ON5sdKBXy4tXosX0rQTRC/ZVs3rwA0PJTo0C/A5g==",
            "reservation_capacity_in_gb_per_day": null,
            "resource_group_name": "acme-fitness-rg-asa01",
            "retention_in_days": 30,
            "secondary_shared_key": "aBfD5AJyYCTYuLdm+TQ5oFCJudHHFUV3pF6y2dCa8yDKc8gt2k1D+BygK1Js6++Ev3I82xhv5y1quFBgfN+mUw==",
            "sku": "PerGB2018",
            "tags": null,
            "timeouts": null,
            "workspace_id": "c2c24ddf-6a29-4208-b5de-2d256b7e2f09"
          },
          "sensitive_attributes": [],
          "private": "eyJlMmJmYjczMC1lY2FhLTExZTYtOGY4OC0zNDM2M2JjN2M0YzAiOnsiY3JlYXRlIjoxODAwMDAwMDAwMDAwLCJkZWxldGUiOjE4MDAwMDAwMDAwMDAsInJlYWQiOjMwMDAwMDAwMDAwMCwidXBkYXRlIjoxODAwMDAwMDAwMDAwfSwic2NoZW1hX3ZlcnNpb24iOiIyIn0=",
          "dependencies": [
            "azurerm_resource_group.main"
          ]
        }
      ]
    },
    {
      "mode": "managed",
      "type": "azurerm_postgresql_flexible_server",
      "name": "example",
      "provider": "provider[\"registry.terraform.io/hashicorp/azurerm\"]",
      "instances": [
        {
          "index_key": 0,
          "schema_version": 0,
          "attributes": {
            "administrator_login": "acme",
            "administrator_password": "super$ecr3t",
            "backup_retention_days": 7,
            "create_mode": null,
            "delegated_subnet_id": "",
            "fqdn": "acme-fitness-db-asa01.postgres.database.azure.com",
            "geo_redundant_backup_enabled": false,
            "high_availability": [],
            "id": "/subscriptions/3d1728e9-804b-48f1-b8e6-ed4f87f5b242/resourceGroups/acme-fitness-rg-asa01/providers/Microsoft.DBforPostgreSQL/flexibleServers/acme-fitness-db-asa01",
            "location": "koreacentral",
            "maintenance_window": [],
            "name": "acme-fitness-db-asa01",
            "point_in_time_restore_time_in_utc": null,
            "private_dns_zone_id": "",
            "public_network_access_enabled": true,
            "resource_group_name": "acme-fitness-rg-asa01",
            "sku_name": "GP_Standard_D4s_v3",
            "source_server_id": null,
            "storage_mb": 32768,
            "tags": null,
            "timeouts": null,
            "version": "12",
            "zone": "1"
          },
          "sensitive_attributes": [],
          "private": "eyJlMmJmYjczMC1lY2FhLTExZTYtOGY4OC0zNDM2M2JjN2M0YzAiOnsiY3JlYXRlIjozNjAwMDAwMDAwMDAwLCJkZWxldGUiOjM2MDAwMDAwMDAwMDAsInJlYWQiOjMwMDAwMDAwMDAwMCwidXBkYXRlIjozNjAwMDAwMDAwMDAwfX0=",
          "dependencies": [
            "azurerm_resource_group.main"
          ]
        }
      ]
    },
    {
      "mode": "managed",
      "type": "azurerm_redis_cache",
      "name": "main",
      "provider": "provider[\"registry.terraform.io/hashicorp/azurerm\"]",
      "instances": [
        {
          "index_key": 0,
          "schema_version": 0,
          "attributes": {
            "capacity": 0,
            "enable_non_ssl_port": false,
            "family": "C",
            "hostname": "acme-fitness-cache-asa01.redis.cache.windows.net",
            "id": "/subscriptions/3d1728e9-804b-48f1-b8e6-ed4f87f5b242/resourceGroups/acme-fitness-rg-asa01/providers/Microsoft.Cache/Redis/acme-fitness-cache-asa01",
            "identity": [],
            "location": "koreacentral",
            "minimum_tls_version": "1.2",
            "name": "acme-fitness-cache-asa01",
            "patch_schedule": [],
            "port": 6379,
            "primary_access_key": "CweHjP7NNJfZpwWXst0CUUWFnPW28w9k1AzCaM2odhA=",
            "primary_connection_string": "acme-fitness-cache-asa01.redis.cache.windows.net:6380,password=CweHjP7NNJfZpwWXst0CUUWFnPW28w9k1AzCaM2odhA=,ssl=true,abortConnect=False",
            "private_static_ip_address": "",
            "public_network_access_enabled": true,
            "redis_configuration": [
              {
                "aof_backup_enabled": false,
                "aof_storage_connection_string_0": "",
                "aof_storage_connection_string_1": "",
                "enable_authentication": true,
                "maxclients": 256,
                "maxfragmentationmemory_reserved": 30,
                "maxmemory_delta": 30,
                "maxmemory_policy": "volatile-lru",
                "maxmemory_reserved": 30,
                "notify_keyspace_events": "",
                "rdb_backup_enabled": false,
                "rdb_backup_frequency": 0,
                "rdb_backup_max_snapshot_count": 0,
                "rdb_storage_connection_string": ""
              }
            ],
            "redis_version": "6.0.14",
            "replicas_per_master": 0,
            "replicas_per_primary": 0,
            "resource_group_name": "acme-fitness-rg-asa01",
            "secondary_access_key": "uypMJMOx0CZ4M44GLJBH4jM72plXGnSMjAzCaErdCqg=",
            "secondary_connection_string": "acme-fitness-cache-asa01.redis.cache.windows.net:6380,password=uypMJMOx0CZ4M44GLJBH4jM72plXGnSMjAzCaErdCqg=,ssl=true,abortConnect=False",
            "shard_count": 0,
            "sku_name": "Basic",
            "ssl_port": 6380,
            "subnet_id": "",
            "tags": null,
            "tenant_settings": null,
            "timeouts": null,
            "zones": null
          },
          "sensitive_attributes": [],
          "private": "eyJlMmJmYjczMC1lY2FhLTExZTYtOGY4OC0zNDM2M2JjN2M0YzAiOnsiY3JlYXRlIjo1NDAwMDAwMDAwMDAwLCJkZWxldGUiOjU0MDAwMDAwMDAwMDAsInJlYWQiOjMwMDAwMDAwMDAwMCwidXBkYXRlIjo1NDAwMDAwMDAwMDAwfX0=",
          "dependencies": [
            "azurerm_resource_group.main"
          ]
        }
      ]
    },
    {
      "mode": "managed",
      "type": "azurerm_resource_group",
      "name": "main",
      "provider": "provider[\"registry.terraform.io/hashicorp/azurerm\"]",
      "instances": [
        {
          "index_key": 0,
          "schema_version": 0,
          "attributes": {
            "id": "/subscriptions/3d1728e9-804b-48f1-b8e6-ed4f87f5b242/resourceGroups/acme-fitness-rg-asa01",
            "location": "koreacentral",
            "name": "acme-fitness-rg-asa01",
            "tags": null,
            "timeouts": null
          },
          "sensitive_attributes": [],
          "private": "eyJlMmJmYjczMC1lY2FhLTExZTYtOGY4OC0zNDM2M2JjN2M0YzAiOnsiY3JlYXRlIjo1NDAwMDAwMDAwMDAwLCJkZWxldGUiOjU0MDAwMDAwMDAwMDAsInJlYWQiOjMwMDAwMDAwMDAwMCwidXBkYXRlIjo1NDAwMDAwMDAwMDAwfX0="
        }
      ]
    }
  ],
  "check_results": null
}
